
Microsoft Visual Studio Solution File, Format Version 12.00
# Visual Studio Version 17
VisualStudioVersion = 17.14.36203.30 d17.14
MinimumVisualStudioVersion = 10.0.40219.1
Project("{FAE04EC0-301F-11D3-BF4B-00C04F79EFBC}") = "EscolaVirtual2322", "EscolaVirtual2322\EscolaVirtual2322.csproj", "{315228E5-5F08-4271-87C6-B9552844CDC0}"
EndProject
Global
	GlobalSection(SolutionConfigurationPlatforms) = preSolution
		Debug|Any CPU = Debug|Any CPU
		Release|Any CPU = Release|Any CPU
	EndGlobalSection
	GlobalSection(ProjectConfigurationPlatforms) = postSolution
		{315228E5-5F08-4271-87C6-B9552844CDC0}.Debug|Any CPU.ActiveCfg = Debug|Any CPU
		{315228E5-5F08-4271-87C6-B9552844CDC0}.Debug|Any CPU.Build.0 = Debug|Any CPU
		{315228E5-5F08-4271-87C6-B9552844CDC0}.Release|Any CPU.ActiveCfg = Release|Any CPU
		{315228E5-5F08-4271-87C6-B9552844CDC0}.Release|Any CPU.Build.0 = Release|Any CPU
	EndGlobalSection
	GlobalSection(SolutionProperties) = preSolution
		HideSolutionNode = FALSE
	EndGlobalSection
	GlobalSection(ExtensibilityGlobals) = postSolution
		SolutionGuid = {21ED6C7C-2B74-4840-BB87-090C3E7ABDA3}
	EndGlobalSection
EndGlobal
